
Microsoft Visual Studio Solution File, Format Version 12.00
# Visual Studio Version 16
VisualStudioVersion = 16.0.31515.178
MinimumVisualStudioVersion = 10.0.40219.1
Project("{FAE04EC0-301F-11D3-BF4B-00C04F79EFBC}") = "Employee_Web_App", "Employee_Web_App.csproj", "{0E8F4F37-B7B8-4F3A-83C9-E81DF391F9CB}"
EndProject
Global
	GlobalSection(SolutionConfigurationPlatforms) = preSolution
		Debug|Any CPU = Debug|Any CPU
		Release|Any CPU = Release|Any CPU
	EndGlobalSection
	GlobalSection(ProjectConfigurationPlatforms) = postSolution
		{0E8F4F37-B7B8-4F3A-83C9-E81DF391F9CB}.Debug|Any CPU.ActiveCfg = Debug|Any CPU
		{0E8F4F37-B7B8-4F3A-83C9-E81DF391F9CB}.Debug|Any CPU.Build.0 = Debug|Any CPU
		{0E8F4F37-B7B8-4F3A-83C9-E81DF391F9CB}.Release|Any CPU.ActiveCfg = Release|Any CPU
		{0E8F4F37-B7B8-4F3A-83C9-E81DF391F9CB}.Release|Any CPU.Build.0 = Release|Any CPU
	EndGlobalSection
	GlobalSection(SolutionProperties) = preSolution
		HideSolutionNode = FALSE
	EndGlobalSection
	GlobalSection(ExtensibilityGlobals) = postSolution
		SolutionGuid = {01660288-4C23-4A79-BCDF-F7287AA37095}
	EndGlobalSection
EndGlobal
